# This file is autogenerated, do not edit; changes may be undone by the next 'dep ensure'.


[[projects]]
  branch = "master"
  name = "github.com/bitrise-io/go-utils"
  packages = [
    "colorstring",
    "command",
    "errorutil",
    "log",
    "parseutil",
    "pathutil",
    "pointers",
    "sliceutil",
    "urlutil",
    "ziputil"
  ]
  revision = "d1de0dbcb811588e61362aff67bb700b93c13c17"

[[projects]]
  branch = "master"
  name = "github.com/bitrise-tools/go-android"
  packages = ["gradle"]
  revision = "d76dcd0cbf2d6643f6b381751a20a153bcbfb55d"

[[projects]]
  branch = "master"
  name = "github.com/bitrise-tools/go-steputils"
  packages = [
    "input",
    "stepconf",
    "tools"
  ]
  revision = "d4d9e08cc4347e8784bb18419fcdceb932e17019"

[[projects]]
  name = "github.com/ryanuber/go-glob"
  packages = ["."]
  revision = "572520ed46dbddaed19ea3d9541bdd0494163693"
  version = "v0.1"

[[projects]]
  branch = "master"
  name = "golang.org/x/net"
  packages = [
    "context",
    "context/ctxhttp"
  ]
  revision = "dfa909b99c79129e1100513e5cd36307665e5723"

[[projects]]
  branch = "master"
  name = "google.golang.org/api"
  packages = [
    "gensupport",
    "googleapi",
    "googleapi/internal/uritemplates",
    "testing/v1",
    "toolresults/v1beta3"
  ]
  revision = "348810ff778af56686d572415ce79e6c9fad9613"

[solve-meta]
  analyzer-name = "dep"
  analyzer-version = 1
  inputs-digest = "e7c8a1d3b9e109e72873fa873ffb5c5f23ea996f1f191fae44a0ab7bee11c35a"
  solver-name = "gps-cdcl"
  solver-version = 1
